
Microsoft Visual Studio Solution File, Format Version 12.00
# Visual Studio Version 17
VisualStudioVersion = 17.4.33213.308
MinimumVisualStudioVersion = 10.0.40219.1
Project("{9A19103F-16F7-4668-BE54-9A1E7A4F7556}") = "api", "api\api.csproj", "{B0753CC0-1892-4A65-9C5F-ADC87C6616B1}"
EndProject
Project("{9A19103F-16F7-4668-BE54-9A1E7A4F7556}") = "clientService", "clientService\clientService.csproj", "{B36C7C4B-71BE-41C6-AB97-26726200844E}"
EndProject
Project("{9A19103F-16F7-4668-BE54-9A1E7A4F7556}") = "serverService", "serverService\serverService.csproj", "{5A6D713B-DA07-4BC9-95EF-7988D42AD6E4}"
EndProject
Project("{9A19103F-16F7-4668-BE54-9A1E7A4F7556}") = "Application", "Application\Application.csproj", "{CD7CFA02-2146-4536-A719-8BFBE11E3A08}"
EndProject
Global
	GlobalSection(SolutionConfigurationPlatforms) = preSolution
		Debug|Any CPU = Debug|Any CPU
		Release|Any CPU = Release|Any CPU
	EndGlobalSection
	GlobalSection(ProjectConfigurationPlatforms) = postSolution
		{B0753CC0-1892-4A65-9C5F-ADC87C6616B1}.Debug|Any CPU.ActiveCfg = Debug|Any CPU
		{B0753CC0-1892-4A65-9C5F-ADC87C6616B1}.Debug|Any CPU.Build.0 = Debug|Any CPU
		{B0753CC0-1892-4A65-9C5F-ADC87C6616B1}.Release|Any CPU.ActiveCfg = Release|Any CPU
		{B0753CC0-1892-4A65-9C5F-ADC87C6616B1}.Release|Any CPU.Build.0 = Release|Any CPU
		{B36C7C4B-71BE-41C6-AB97-26726200844E}.Debug|Any CPU.ActiveCfg = Debug|Any CPU
		{B36C7C4B-71BE-41C6-AB97-26726200844E}.Debug|Any CPU.Build.0 = Debug|Any CPU
		{B36C7C4B-71BE-41C6-AB97-26726200844E}.Release|Any CPU.ActiveCfg = Release|Any CPU
		{B36C7C4B-71BE-41C6-AB97-26726200844E}.Release|Any CPU.Build.0 = Release|Any CPU
		{5A6D713B-DA07-4BC9-95EF-7988D42AD6E4}.Debug|Any CPU.ActiveCfg = Debug|Any CPU
		{5A6D713B-DA07-4BC9-95EF-7988D42AD6E4}.Debug|Any CPU.Build.0 = Debug|Any CPU
		{5A6D713B-DA07-4BC9-95EF-7988D42AD6E4}.Release|Any CPU.ActiveCfg = Release|Any CPU
		{5A6D713B-DA07-4BC9-95EF-7988D42AD6E4}.Release|Any CPU.Build.0 = Release|Any CPU
		{CD7CFA02-2146-4536-A719-8BFBE11E3A08}.Debug|Any CPU.ActiveCfg = Debug|Any CPU
		{CD7CFA02-2146-4536-A719-8BFBE11E3A08}.Debug|Any CPU.Build.0 = Debug|Any CPU
		{CD7CFA02-2146-4536-A719-8BFBE11E3A08}.Release|Any CPU.ActiveCfg = Release|Any CPU
		{CD7CFA02-2146-4536-A719-8BFBE11E3A08}.Release|Any CPU.Build.0 = Release|Any CPU
	EndGlobalSection
	GlobalSection(SolutionProperties) = preSolution
		HideSolutionNode = FALSE
	EndGlobalSection
	GlobalSection(ExtensibilityGlobals) = postSolution
		SolutionGuid = {18887F67-84D5-4A87-B2B3-943B5224D065}
	EndGlobalSection
EndGlobal
